
Microsoft Visual Studio Solution File, Format Version 12.00
# Visual Studio 15
VisualStudioVersion = 15.0.27130.2024
MinimumVisualStudioVersion = 10.0.40219.1
Project("{2150E333-8FDC-42A3-9474-1A3956D46DE8}") = "01. ThreadDefinition", "01. ThreadDefinition", "{6DEE58F4-56BE-4922-ACDC-A77B63D7C024}"
EndProject
Project("{2150E333-8FDC-42A3-9474-1A3956D46DE8}") = "02. ThreadSafety", "02. ThreadSafety", "{EFB13B1B-8F99-49CD-AECD-0A8EB7581025}"
EndProject
Project("{FAE04EC0-301F-11D3-BF4B-00C04F79EFBC}") = "1. SharingData", "02. ThreadSafety\1. SharingData\1. SharingData.csproj", "{F436A580-CB31-4B5F-B444-30F288913FE5}"
EndProject
Project("{FAE04EC0-301F-11D3-BF4B-00C04F79EFBC}") = "2. SharingData II", "02. ThreadSafety\2. SharingData II\2. SharingData II.csproj", "{2F280D3E-50AE-4035-BA3A-CB14C523B456}"
EndProject
Project("{FAE04EC0-301F-11D3-BF4B-00C04F79EFBC}") = "3. SharingData III", "02. ThreadSafety\3. Sharing Data III\3. SharingData III.csproj", "{93EEA398-8BBF-4067-85D9-037BBB31290A}"
EndProject
Project("{FAE04EC0-301F-11D3-BF4B-00C04F79EFBC}") = "4. SharingDataIssues", "02. ThreadSafety\4. SharingDataIssues\4. SharingDataIssues.csproj", "{AB7EAC7F-246B-4B87-A7E1-AF6B74D0A6B6}"
EndProject
Project("{FAE04EC0-301F-11D3-BF4B-00C04F79EFBC}") = "5. Lock", "02. ThreadSafety\5. Lock\5. Lock.csproj", "{A8941781-DB25-4874-B94A-FB5ADA09E3C1}"
EndProject
Project("{FAE04EC0-301F-11D3-BF4B-00C04F79EFBC}") = "6. Interlocked", "02. ThreadSafety\6. Interlocked\6. Interlocked.csproj", "{F586BC3E-5F37-43E5-9395-C3774DC624CC}"
EndProject
Project("{FAE04EC0-301F-11D3-BF4B-00C04F79EFBC}") = "1. CreateThread", "01. ThreadDefinition\1. CreateThread\1. CreateThread.csproj", "{FE515619-622C-4999-AEEB-DFD09D09696E}"
EndProject
Project("{FAE04EC0-301F-11D3-BF4B-00C04F79EFBC}") = "2. ThreadProperties", "01. ThreadDefinition\2. ThreadProperties\2. ThreadProperties.csproj", "{888B683A-6AEE-4750-B50A-C7AF147FDE98}"
EndProject
Project("{FAE04EC0-301F-11D3-BF4B-00C04F79EFBC}") = "3. ExceptionHandling", "01. ThreadDefinition\3. ExceptionHandling\3. ExceptionHandling.csproj", "{B6D77926-6DB3-4DB8-9854-8932B73424FC}"
EndProject
Project("{2150E333-8FDC-42A3-9474-1A3956D46DE8}") = "03. ParallelProgramming", "03. ParallelProgramming", "{6044DD2B-9C00-49F7-9A6C-6CA125481547}"
EndProject
Project("{FAE04EC0-301F-11D3-BF4B-00C04F79EFBC}") = "1. ThreadPool", "03. ParallelProgramming\1. ThreadPool\1. ThreadPool.csproj", "{250BA677-3997-4C3E-8590-FEF719900611}"
EndProject
Project("{FAE04EC0-301F-11D3-BF4B-00C04F79EFBC}") = "2. CreateTask", "03. ParallelProgramming\2. CreateTask\2. CreateTask.csproj", "{BD03D816-8050-4B9F-BCDC-79FC6084C58E}"
EndProject
Project("{FAE04EC0-301F-11D3-BF4B-00C04F79EFBC}") = "3. TaskContinuation", "03. ParallelProgramming\3. TaskContinuation\3. TaskContinuation.csproj", "{0AE6A633-7C88-4568-B153-34BEBBFA17C1}"
EndProject
Project("{FAE04EC0-301F-11D3-BF4B-00C04F79EFBC}") = "7. Deadlock", "02. ThreadSafety\7. Deadlock\7. Deadlock.csproj", "{312DF8F3-4A58-40B2-9364-1860718E1F9F}"
EndProject
Project("{FAE04EC0-301F-11D3-BF4B-00C04F79EFBC}") = "4. TaskContinuation II", "03. ParallelProgramming\4. TaskContinuation II\4. TaskContinuation II.csproj", "{EA997547-FF64-4F4E-B7A2-AA9B5CEEB4CE}"
EndProject
Project("{FAE04EC0-301F-11D3-BF4B-00C04F79EFBC}") = "5. ParallelFor", "03. ParallelProgramming\5. Parallel.For\5. ParallelFor.csproj", "{58083E89-6E75-45AB-AE2A-9D5810EEC794}"
EndProject
Project("{FAE04EC0-301F-11D3-BF4B-00C04F79EFBC}") = "6. ParallelForTiming", "03. ParallelProgramming\6. ParallelForTiming\6. ParallelForTiming.csproj", "{896CBFE9-E679-43CD-906F-ADEE5E4708B1}"
EndProject
Project("{FAE04EC0-301F-11D3-BF4B-00C04F79EFBC}") = "7. ParallelForEach", "03. ParallelProgramming\7. ParallelForEach\7. ParallelForEach.csproj", "{B0465545-E0C6-45C8-9AAE-74E6F1A1EED0}"
EndProject
Project("{FAE04EC0-301F-11D3-BF4B-00C04F79EFBC}") = "8. PLINQ", "03. ParallelProgramming\8. PLINQ\8. PLINQ.csproj", "{CA9E148F-61B0-427E-894D-8610AD63C69E}"
EndProject
Project("{FAE04EC0-301F-11D3-BF4B-00C04F79EFBC}") = "9. TaskExceptionHandler", "03. ParallelProgramming\9. TaskExceptionHandler\9. TaskExceptionHandler.csproj", "{F2079D2C-2A4D-432B-B0A8-09AD3AE9191B}"
EndProject
Global
	GlobalSection(SolutionConfigurationPlatforms) = preSolution
		Debug|Any CPU = Debug|Any CPU
		Release|Any CPU = Release|Any CPU
	EndGlobalSection
	GlobalSection(ProjectConfigurationPlatforms) = postSolution
		{F436A580-CB31-4B5F-B444-30F288913FE5}.Debug|Any CPU.ActiveCfg = Debug|Any CPU
		{F436A580-CB31-4B5F-B444-30F288913FE5}.Debug|Any CPU.Build.0 = Debug|Any CPU
		{F436A580-CB31-4B5F-B444-30F288913FE5}.Release|Any CPU.ActiveCfg = Release|Any CPU
		{F436A580-CB31-4B5F-B444-30F288913FE5}.Release|Any CPU.Build.0 = Release|Any CPU
		{2F280D3E-50AE-4035-BA3A-CB14C523B456}.Debug|Any CPU.ActiveCfg = Debug|Any CPU
		{2F280D3E-50AE-4035-BA3A-CB14C523B456}.Debug|Any CPU.Build.0 = Debug|Any CPU
		{2F280D3E-50AE-4035-BA3A-CB14C523B456}.Release|Any CPU.ActiveCfg = Release|Any CPU
		{2F280D3E-50AE-4035-BA3A-CB14C523B456}.Release|Any CPU.Build.0 = Release|Any CPU
		{93EEA398-8BBF-4067-85D9-037BBB31290A}.Debug|Any CPU.ActiveCfg = Debug|Any CPU
		{93EEA398-8BBF-4067-85D9-037BBB31290A}.Debug|Any CPU.Build.0 = Debug|Any CPU
		{93EEA398-8BBF-4067-85D9-037BBB31290A}.Release|Any CPU.ActiveCfg = Release|Any CPU
		{93EEA398-8BBF-4067-85D9-037BBB31290A}.Release|Any CPU.Build.0 = Release|Any CPU
		{AB7EAC7F-246B-4B87-A7E1-AF6B74D0A6B6}.Debug|Any CPU.ActiveCfg = Debug|Any CPU
		{AB7EAC7F-246B-4B87-A7E1-AF6B74D0A6B6}.Debug|Any CPU.Build.0 = Debug|Any CPU
		{AB7EAC7F-246B-4B87-A7E1-AF6B74D0A6B6}.Release|Any CPU.ActiveCfg = Release|Any CPU
		{AB7EAC7F-246B-4B87-A7E1-AF6B74D0A6B6}.Release|Any CPU.Build.0 = Release|Any CPU
		{A8941781-DB25-4874-B94A-FB5ADA09E3C1}.Debug|Any CPU.ActiveCfg = Debug|Any CPU
		{A8941781-DB25-4874-B94A-FB5ADA09E3C1}.Debug|Any CPU.Build.0 = Debug|Any CPU
		{A8941781-DB25-4874-B94A-FB5ADA09E3C1}.Release|Any CPU.ActiveCfg = Release|Any CPU
		{A8941781-DB25-4874-B94A-FB5ADA09E3C1}.Release|Any CPU.Build.0 = Release|Any CPU
		{F586BC3E-5F37-43E5-9395-C3774DC624CC}.Debug|Any CPU.ActiveCfg = Debug|Any CPU
		{F586BC3E-5F37-43E5-9395-C3774DC624CC}.Debug|Any CPU.Build.0 = Debug|Any CPU
		{F586BC3E-5F37-43E5-9395-C3774DC624CC}.Release|Any CPU.ActiveCfg = Release|Any CPU
		{F586BC3E-5F37-43E5-9395-C3774DC624CC}.Release|Any CPU.Build.0 = Release|Any CPU
		{FE515619-622C-4999-AEEB-DFD09D09696E}.Debug|Any CPU.ActiveCfg = Debug|Any CPU
		{FE515619-622C-4999-AEEB-DFD09D09696E}.Debug|Any CPU.Build.0 = Debug|Any CPU
		{FE515619-622C-4999-AEEB-DFD09D09696E}.Release|Any CPU.ActiveCfg = Release|Any CPU
		{FE515619-622C-4999-AEEB-DFD09D09696E}.Release|Any CPU.Build.0 = Release|Any CPU
		{888B683A-6AEE-4750-B50A-C7AF147FDE98}.Debug|Any CPU.ActiveCfg = Debug|Any CPU
		{888B683A-6AEE-4750-B50A-C7AF147FDE98}.Debug|Any CPU.Build.0 = Debug|Any CPU
		{888B683A-6AEE-4750-B50A-C7AF147FDE98}.Release|Any CPU.ActiveCfg = Release|Any CPU
		{888B683A-6AEE-4750-B50A-C7AF147FDE98}.Release|Any CPU.Build.0 = Release|Any CPU
		{B6D77926-6DB3-4DB8-9854-8932B73424FC}.Debug|Any CPU.ActiveCfg = Debug|Any CPU
		{B6D77926-6DB3-4DB8-9854-8932B73424FC}.Debug|Any CPU.Build.0 = Debug|Any CPU
		{B6D77926-6DB3-4DB8-9854-8932B73424FC}.Release|Any CPU.ActiveCfg = Release|Any CPU
		{B6D77926-6DB3-4DB8-9854-8932B73424FC}.Release|Any CPU.Build.0 = Release|Any CPU
		{250BA677-3997-4C3E-8590-FEF719900611}.Debug|Any CPU.ActiveCfg = Debug|Any CPU
		{250BA677-3997-4C3E-8590-FEF719900611}.Debug|Any CPU.Build.0 = Debug|Any CPU
		{250BA677-3997-4C3E-8590-FEF719900611}.Release|Any CPU.ActiveCfg = Release|Any CPU
		{250BA677-3997-4C3E-8590-FEF719900611}.Release|Any CPU.Build.0 = Release|Any CPU
		{BD03D816-8050-4B9F-BCDC-79FC6084C58E}.Debug|Any CPU.ActiveCfg = Debug|Any CPU
		{BD03D816-8050-4B9F-BCDC-79FC6084C58E}.Debug|Any CPU.Build.0 = Debug|Any CPU
		{BD03D816-8050-4B9F-BCDC-79FC6084C58E}.Release|Any CPU.ActiveCfg = Release|Any CPU
		{BD03D816-8050-4B9F-BCDC-79FC6084C58E}.Release|Any CPU.Build.0 = Release|Any CPU
		{0AE6A633-7C88-4568-B153-34BEBBFA17C1}.Debug|Any CPU.ActiveCfg = Debug|Any CPU
		{0AE6A633-7C88-4568-B153-34BEBBFA17C1}.Debug|Any CPU.Build.0 = Debug|Any CPU
		{0AE6A633-7C88-4568-B153-34BEBBFA17C1}.Release|Any CPU.ActiveCfg = Release|Any CPU
		{0AE6A633-7C88-4568-B153-34BEBBFA17C1}.Release|Any CPU.Build.0 = Release|Any CPU
		{312DF8F3-4A58-40B2-9364-1860718E1F9F}.Debug|Any CPU.ActiveCfg = Debug|Any CPU
		{312DF8F3-4A58-40B2-9364-1860718E1F9F}.Debug|Any CPU.Build.0 = Debug|Any CPU
		{312DF8F3-4A58-40B2-9364-1860718E1F9F}.Release|Any CPU.ActiveCfg = Release|Any CPU
		{312DF8F3-4A58-40B2-9364-1860718E1F9F}.Release|Any CPU.Build.0 = Release|Any CPU
		{EA997547-FF64-4F4E-B7A2-AA9B5CEEB4CE}.Debug|Any CPU.ActiveCfg = Debug|Any CPU
		{EA997547-FF64-4F4E-B7A2-AA9B5CEEB4CE}.Debug|Any CPU.Build.0 = Debug|Any CPU
		{EA997547-FF64-4F4E-B7A2-AA9B5CEEB4CE}.Release|Any CPU.ActiveCfg = Release|Any CPU
		{EA997547-FF64-4F4E-B7A2-AA9B5CEEB4CE}.Release|Any CPU.Build.0 = Release|Any CPU
		{58083E89-6E75-45AB-AE2A-9D5810EEC794}.Debug|Any CPU.ActiveCfg = Debug|Any CPU
		{58083E89-6E75-45AB-AE2A-9D5810EEC794}.Debug|Any CPU.Build.0 = Debug|Any CPU
		{58083E89-6E75-45AB-AE2A-9D5810EEC794}.Release|Any CPU.ActiveCfg = Release|Any CPU
		{58083E89-6E75-45AB-AE2A-9D5810EEC794}.Release|Any CPU.Build.0 = Release|Any CPU
		{896CBFE9-E679-43CD-906F-ADEE5E4708B1}.Debug|Any CPU.ActiveCfg = Debug|Any CPU
		{896CBFE9-E679-43CD-906F-ADEE5E4708B1}.Debug|Any CPU.Build.0 = Debug|Any CPU
		{896CBFE9-E679-43CD-906F-ADEE5E4708B1}.Release|Any CPU.ActiveCfg = Release|Any CPU
		{896CBFE9-E679-43CD-906F-ADEE5E4708B1}.Release|Any CPU.Build.0 = Release|Any CPU
		{B0465545-E0C6-45C8-9AAE-74E6F1A1EED0}.Debug|Any CPU.ActiveCfg = Debug|Any CPU
		{B0465545-E0C6-45C8-9AAE-74E6F1A1EED0}.Debug|Any CPU.Build.0 = Debug|Any CPU
		{B0465545-E0C6-45C8-9AAE-74E6F1A1EED0}.Release|Any CPU.ActiveCfg = Release|Any CPU
		{B0465545-E0C6-45C8-9AAE-74E6F1A1EED0}.Release|Any CPU.Build.0 = Release|Any CPU
		{CA9E148F-61B0-427E-894D-8610AD63C69E}.Debug|Any CPU.ActiveCfg = Debug|Any CPU
		{CA9E148F-61B0-427E-894D-8610AD63C69E}.Debug|Any CPU.Build.0 = Debug|Any CPU
		{CA9E148F-61B0-427E-894D-8610AD63C69E}.Release|Any CPU.ActiveCfg = Release|Any CPU
		{CA9E148F-61B0-427E-894D-8610AD63C69E}.Release|Any CPU.Build.0 = Release|Any CPU
		{F2079D2C-2A4D-432B-B0A8-09AD3AE9191B}.Debug|Any CPU.ActiveCfg = Debug|Any CPU
		{F2079D2C-2A4D-432B-B0A8-09AD3AE9191B}.Debug|Any CPU.Build.0 = Debug|Any CPU
		{F2079D2C-2A4D-432B-B0A8-09AD3AE9191B}.Release|Any CPU.ActiveCfg = Release|Any CPU
		{F2079D2C-2A4D-432B-B0A8-09AD3AE9191B}.Release|Any CPU.Build.0 = Release|Any CPU
	EndGlobalSection
	GlobalSection(SolutionProperties) = preSolution
		HideSolutionNode = FALSE
	EndGlobalSection
	GlobalSection(NestedProjects) = preSolution
		{F436A580-CB31-4B5F-B444-30F288913FE5} = {EFB13B1B-8F99-49CD-AECD-0A8EB7581025}
		{2F280D3E-50AE-4035-BA3A-CB14C523B456} = {EFB13B1B-8F99-49CD-AECD-0A8EB7581025}
		{93EEA398-8BBF-4067-85D9-037BBB31290A} = {EFB13B1B-8F99-49CD-AECD-0A8EB7581025}
		{AB7EAC7F-246B-4B87-A7E1-AF6B74D0A6B6} = {EFB13B1B-8F99-49CD-AECD-0A8EB7581025}
		{A8941781-DB25-4874-B94A-FB5ADA09E3C1} = {EFB13B1B-8F99-49CD-AECD-0A8EB7581025}
		{F586BC3E-5F37-43E5-9395-C3774DC624CC} = {EFB13B1B-8F99-49CD-AECD-0A8EB7581025}
		{FE515619-622C-4999-AEEB-DFD09D09696E} = {6DEE58F4-56BE-4922-ACDC-A77B63D7C024}
		{888B683A-6AEE-4750-B50A-C7AF147FDE98} = {6DEE58F4-56BE-4922-ACDC-A77B63D7C024}
		{B6D77926-6DB3-4DB8-9854-8932B73424FC} = {6DEE58F4-56BE-4922-ACDC-A77B63D7C024}
		{250BA677-3997-4C3E-8590-FEF719900611} = {6044DD2B-9C00-49F7-9A6C-6CA125481547}
		{BD03D816-8050-4B9F-BCDC-79FC6084C58E} = {6044DD2B-9C00-49F7-9A6C-6CA125481547}
		{0AE6A633-7C88-4568-B153-34BEBBFA17C1} = {6044DD2B-9C00-49F7-9A6C-6CA125481547}
		{312DF8F3-4A58-40B2-9364-1860718E1F9F} = {EFB13B1B-8F99-49CD-AECD-0A8EB7581025}
		{EA997547-FF64-4F4E-B7A2-AA9B5CEEB4CE} = {6044DD2B-9C00-49F7-9A6C-6CA125481547}
		{58083E89-6E75-45AB-AE2A-9D5810EEC794} = {6044DD2B-9C00-49F7-9A6C-6CA125481547}
		{896CBFE9-E679-43CD-906F-ADEE5E4708B1} = {6044DD2B-9C00-49F7-9A6C-6CA125481547}
		{B0465545-E0C6-45C8-9AAE-74E6F1A1EED0} = {6044DD2B-9C00-49F7-9A6C-6CA125481547}
		{CA9E148F-61B0-427E-894D-8610AD63C69E} = {6044DD2B-9C00-49F7-9A6C-6CA125481547}
		{F2079D2C-2A4D-432B-B0A8-09AD3AE9191B} = {6044DD2B-9C00-49F7-9A6C-6CA125481547}
	EndGlobalSection
	GlobalSection(ExtensibilityGlobals) = postSolution
		SolutionGuid = {A81C26D6-750B-4FC8-901D-4393A82CF27B}
	EndGlobalSection
EndGlobal
